
Microsoft Visual Studio Solution File, Format Version 12.00
# Visual Studio Version 16
VisualStudioVersion = 16.0.31205.134
MinimumVisualStudioVersion = 10.0.40219.1
Project("{FAE04EC0-301F-11D3-BF4B-00C04F79EFBC}") = "1_valiable", "1_valiable\1_valiable.csproj", "{601E9B9F-788C-4894-8E45-A7D418FA481C}"
EndProject
Global
	GlobalSection(SolutionConfigurationPlatforms) = preSolution
		Debug|Any CPU = Debug|Any CPU
		Release|Any CPU = Release|Any CPU
	EndGlobalSection
	GlobalSection(ProjectConfigurationPlatforms) = postSolution
		{601E9B9F-788C-4894-8E45-A7D418FA481C}.Debug|Any CPU.ActiveCfg = Debug|Any CPU
		{601E9B9F-788C-4894-8E45-A7D418FA481C}.Debug|Any CPU.Build.0 = Debug|Any CPU
		{601E9B9F-788C-4894-8E45-A7D418FA481C}.Release|Any CPU.ActiveCfg = Release|Any CPU
		{601E9B9F-788C-4894-8E45-A7D418FA481C}.Release|Any CPU.Build.0 = Release|Any CPU
	EndGlobalSection
	GlobalSection(SolutionProperties) = preSolution
		HideSolutionNode = FALSE
	EndGlobalSection
	GlobalSection(ExtensibilityGlobals) = postSolution
		SolutionGuid = {7CC53CFA-D42D-41CA-B3CD-26F9AEA8572C}
	EndGlobalSection
EndGlobal
