
Microsoft Visual Studio Solution File, Format Version 12.00
# Visual Studio Version 16
VisualStudioVersion = 16.0.31205.134
MinimumVisualStudioVersion = 10.0.40219.1
Project("{FAE04EC0-301F-11D3-BF4B-00C04F79EFBC}") = "7_reference_type_value_v2", "7_reference_type_value_v2\7_reference_type_value_v2.csproj", "{A1FF991A-7C9C-438B-91B0-2DFE9EA7B9E2}"
EndProject
Global
	GlobalSection(SolutionConfigurationPlatforms) = preSolution
		Debug|Any CPU = Debug|Any CPU
		Release|Any CPU = Release|Any CPU
	EndGlobalSection
	GlobalSection(ProjectConfigurationPlatforms) = postSolution
		{A1FF991A-7C9C-438B-91B0-2DFE9EA7B9E2}.Debug|Any CPU.ActiveCfg = Debug|Any CPU
		{A1FF991A-7C9C-438B-91B0-2DFE9EA7B9E2}.Debug|Any CPU.Build.0 = Debug|Any CPU
		{A1FF991A-7C9C-438B-91B0-2DFE9EA7B9E2}.Release|Any CPU.ActiveCfg = Release|Any CPU
		{A1FF991A-7C9C-438B-91B0-2DFE9EA7B9E2}.Release|Any CPU.Build.0 = Release|Any CPU
	EndGlobalSection
	GlobalSection(SolutionProperties) = preSolution
		HideSolutionNode = FALSE
	EndGlobalSection
	GlobalSection(ExtensibilityGlobals) = postSolution
		SolutionGuid = {5641C02B-8E62-4538-8F16-6EBF8334AB78}
	EndGlobalSection
EndGlobal
