
Microsoft Visual Studio Solution File, Format Version 12.00
# Visual Studio Version 16
VisualStudioVersion = 16.0.31205.134
MinimumVisualStudioVersion = 10.0.40219.1
Project("{FAE04EC0-301F-11D3-BF4B-00C04F79EFBC}") = "13_summarizingtext", "13_summarizingtext\13_summarizingtext.csproj", "{7E8B1A36-3123-43C1-B814-9A6D9F204B3A}"
EndProject
Global
	GlobalSection(SolutionConfigurationPlatforms) = preSolution
		Debug|Any CPU = Debug|Any CPU
		Release|Any CPU = Release|Any CPU
	EndGlobalSection
	GlobalSection(ProjectConfigurationPlatforms) = postSolution
		{7E8B1A36-3123-43C1-B814-9A6D9F204B3A}.Debug|Any CPU.ActiveCfg = Debug|Any CPU
		{7E8B1A36-3123-43C1-B814-9A6D9F204B3A}.Debug|Any CPU.Build.0 = Debug|Any CPU
		{7E8B1A36-3123-43C1-B814-9A6D9F204B3A}.Release|Any CPU.ActiveCfg = Release|Any CPU
		{7E8B1A36-3123-43C1-B814-9A6D9F204B3A}.Release|Any CPU.Build.0 = Release|Any CPU
	EndGlobalSection
	GlobalSection(SolutionProperties) = preSolution
		HideSolutionNode = FALSE
	EndGlobalSection
	GlobalSection(ExtensibilityGlobals) = postSolution
		SolutionGuid = {BFDA08B9-1578-463B-A0D3-74BF440554B1}
	EndGlobalSection
EndGlobal
