
Microsoft Visual Studio Solution File, Format Version 12.00
# Visual Studio Version 16
VisualStudioVersion = 16.0.31205.134
MinimumVisualStudioVersion = 10.0.40219.1
Project("{FAE04EC0-301F-11D3-BF4B-00C04F79EFBC}") = "4_array", "4_array\4_array.csproj", "{0AA5124F-D71E-45C5-861B-B81EE68BDF06}"
EndProject
Global
	GlobalSection(SolutionConfigurationPlatforms) = preSolution
		Debug|Any CPU = Debug|Any CPU
		Release|Any CPU = Release|Any CPU
	EndGlobalSection
	GlobalSection(ProjectConfigurationPlatforms) = postSolution
		{0AA5124F-D71E-45C5-861B-B81EE68BDF06}.Debug|Any CPU.ActiveCfg = Debug|Any CPU
		{0AA5124F-D71E-45C5-861B-B81EE68BDF06}.Debug|Any CPU.Build.0 = Debug|Any CPU
		{0AA5124F-D71E-45C5-861B-B81EE68BDF06}.Release|Any CPU.ActiveCfg = Release|Any CPU
		{0AA5124F-D71E-45C5-861B-B81EE68BDF06}.Release|Any CPU.Build.0 = Release|Any CPU
	EndGlobalSection
	GlobalSection(SolutionProperties) = preSolution
		HideSolutionNode = FALSE
	EndGlobalSection
	GlobalSection(ExtensibilityGlobals) = postSolution
		SolutionGuid = {4D94CC65-627B-47A2-9EF0-26A02E368E3D}
	EndGlobalSection
EndGlobal
