
Microsoft Visual Studio Solution File, Format Version 12.00
# Visual Studio Version 16
VisualStudioVersion = 16.0.31205.134
MinimumVisualStudioVersion = 10.0.40219.1
Project("{FAE04EC0-301F-11D3-BF4B-00C04F79EFBC}") = "2_valiable_typeconversion", "2_valiable_typeconversion\2_valiable_typeconversion.csproj", "{B27FC8A7-54FF-4454-B25D-C6C26143D53A}"
EndProject
Global
	GlobalSection(SolutionConfigurationPlatforms) = preSolution
		Debug|Any CPU = Debug|Any CPU
		Release|Any CPU = Release|Any CPU
	EndGlobalSection
	GlobalSection(ProjectConfigurationPlatforms) = postSolution
		{B27FC8A7-54FF-4454-B25D-C6C26143D53A}.Debug|Any CPU.ActiveCfg = Debug|Any CPU
		{B27FC8A7-54FF-4454-B25D-C6C26143D53A}.Debug|Any CPU.Build.0 = Debug|Any CPU
		{B27FC8A7-54FF-4454-B25D-C6C26143D53A}.Release|Any CPU.ActiveCfg = Release|Any CPU
		{B27FC8A7-54FF-4454-B25D-C6C26143D53A}.Release|Any CPU.Build.0 = Release|Any CPU
	EndGlobalSection
	GlobalSection(SolutionProperties) = preSolution
		HideSolutionNode = FALSE
	EndGlobalSection
	GlobalSection(ExtensibilityGlobals) = postSolution
		SolutionGuid = {196BF522-E312-4519-82E3-DB82607F4ACD}
	EndGlobalSection
EndGlobal
